#MicroXplorer Configuration settings - do not modify
ADC1.Channel-0\#ChannelRegularConversion=ADC_CHANNEL_0
ADC1.Channel-1\#ChannelRegularConversion=ADC_CHANNEL_3
ADC1.Channel-2\#ChannelRegularConversion=ADC_CHANNEL_5
ADC1.Channel-3\#ChannelRegularConversion=ADC_CHANNEL_10
ADC1.Channel-4\#ChannelRegularConversion=ADC_CHANNEL_12
ADC1.Channel-5\#ChannelRegularConversion=ADC_CHANNEL_13
ADC1.Channel-6\#ChannelRegularConversion=ADC_CHANNEL_15
ADC1.Channel-7\#ChannelRegularConversion=ADC_CHANNEL_18
ADC1.ClockPrescaler=ADC_CLOCK_ASYNC_DIV2
ADC1.ContinuousConvMode=ENABLE
ADC1.ConversionDataManagement=ADC_CONVERSIONDATA_DMA_CIRCULAR
ADC1.EOCSelection=ADC_EOC_SINGLE_CONV
ADC1.IPParameters=Rank-0\#ChannelRegularConversion,Channel-0\#ChannelRegularConversion,SamplingTime-0\#ChannelRegularConversion,OffsetNumber-0\#ChannelRegularConversion,OffsetSign-0\#ChannelRegularConversion,NbrOfConversionFlag,ClockPrescaler,ContinuousConvMode,ConversionDataManagement,Rank-1\#ChannelRegularConversion,Channel-1\#ChannelRegularConversion,SamplingTime-1\#ChannelRegularConversion,OffsetNumber-1\#ChannelRegularConversion,OffsetSign-1\#ChannelRegularConversion,Rank-2\#ChannelRegularConversion,Channel-2\#ChannelRegularConversion,SamplingTime-2\#ChannelRegularConversion,OffsetNumber-2\#ChannelRegularConversion,OffsetSign-2\#ChannelRegularConversion,Rank-3\#ChannelRegularConversion,Channel-3\#ChannelRegularConversion,SamplingTime-3\#ChannelRegularConversion,OffsetNumber-3\#ChannelRegularConversion,OffsetSign-3\#ChannelRegularConversion,Rank-4\#ChannelRegularConversion,Channel-4\#ChannelRegularConversion,SamplingTime-4\#ChannelRegularConversion,OffsetNumber-4\#ChannelRegularConversion,OffsetSign-4\#ChannelRegularConversion,Rank-5\#ChannelRegularConversion,Channel-5\#ChannelRegularConversion,SamplingTime-5\#ChannelRegularConversion,OffsetNumber-5\#ChannelRegularConversion,OffsetSign-5\#ChannelRegularConversion,Rank-6\#ChannelRegularConversion,Channel-6\#ChannelRegularConversion,SamplingTime-6\#ChannelRegularConversion,OffsetNumber-6\#ChannelRegularConversion,OffsetSign-6\#ChannelRegularConversion,NbrOfConversion,Overrun,Rank-7\#ChannelRegularConversion,Channel-7\#ChannelRegularConversion,SamplingTime-7\#ChannelRegularConversion,OffsetNumber-7\#ChannelRegularConversion,OffsetSign-7\#ChannelRegularConversion,master,EOCSelection
ADC1.NbrOfConversion=8
ADC1.NbrOfConversionFlag=1
ADC1.OffsetNumber-0\#ChannelRegularConversion=ADC_OFFSET_NONE
ADC1.OffsetNumber-1\#ChannelRegularConversion=ADC_OFFSET_NONE
ADC1.OffsetNumber-2\#ChannelRegularConversion=ADC_OFFSET_NONE
ADC1.OffsetNumber-3\#ChannelRegularConversion=ADC_OFFSET_NONE
ADC1.OffsetNumber-4\#ChannelRegularConversion=ADC_OFFSET_NONE
ADC1.OffsetNumber-5\#ChannelRegularConversion=ADC_OFFSET_NONE
ADC1.OffsetNumber-6\#ChannelRegularConversion=ADC_OFFSET_NONE
ADC1.OffsetNumber-7\#ChannelRegularConversion=ADC_OFFSET_NONE
ADC1.OffsetSign-0\#ChannelRegularConversion=ADC_OFFSET_SIGN_NEGATIVE
ADC1.OffsetSign-1\#ChannelRegularConversion=ADC_OFFSET_SIGN_NEGATIVE
ADC1.OffsetSign-2\#ChannelRegularConversion=ADC_OFFSET_SIGN_NEGATIVE
ADC1.OffsetSign-3\#ChannelRegularConversion=ADC_OFFSET_SIGN_NEGATIVE
ADC1.OffsetSign-4\#ChannelRegularConversion=ADC_OFFSET_SIGN_NEGATIVE
ADC1.OffsetSign-5\#ChannelRegularConversion=ADC_OFFSET_SIGN_NEGATIVE
ADC1.OffsetSign-6\#ChannelRegularConversion=ADC_OFFSET_SIGN_NEGATIVE
ADC1.OffsetSign-7\#ChannelRegularConversion=ADC_OFFSET_SIGN_NEGATIVE
ADC1.Overrun=ADC_OVR_DATA_OVERWRITTEN
ADC1.Rank-0\#ChannelRegularConversion=1
ADC1.Rank-1\#ChannelRegularConversion=2
ADC1.Rank-2\#ChannelRegularConversion=3
ADC1.Rank-3\#ChannelRegularConversion=4
ADC1.Rank-4\#ChannelRegularConversion=5
ADC1.Rank-5\#ChannelRegularConversion=6
ADC1.Rank-6\#ChannelRegularConversion=7
ADC1.Rank-7\#ChannelRegularConversion=8
ADC1.SamplingTime-0\#ChannelRegularConversion=ADC_SAMPLETIME_640CYCLES_5
ADC1.SamplingTime-1\#ChannelRegularConversion=ADC_SAMPLETIME_640CYCLES_5
ADC1.SamplingTime-2\#ChannelRegularConversion=ADC_SAMPLETIME_640CYCLES_5
ADC1.SamplingTime-3\#ChannelRegularConversion=ADC_SAMPLETIME_640CYCLES_5
ADC1.SamplingTime-4\#ChannelRegularConversion=ADC_SAMPLETIME_640CYCLES_5
ADC1.SamplingTime-5\#ChannelRegularConversion=ADC_SAMPLETIME_640CYCLES_5
ADC1.SamplingTime-6\#ChannelRegularConversion=ADC_SAMPLETIME_640CYCLES_5
ADC1.SamplingTime-7\#ChannelRegularConversion=ADC_SAMPLETIME_640CYCLES_5
ADC1.master=1
Appli.IPs=CORTEX_M7_APPLI\:I,GPDMA1,GPIO,HPDMA1,LINKEDLIST,NVIC2\:I,RCC,PWR,DEBUG,USB_OTG_HS,USB_OTG_HS1,I2C3,SPI5,TIM1,TIM6,SAI1,SAI2,ADC1,FREERTOS\:I,SYS
Appli.Pins=PH1-OSC_OUT(PH1),PD8,PD9,PD10,PB13,PD14,PD15,PD0,PD1,PD2,PM9
Boot.IPs=CORTEX_M7_BOOT\:I,GPDMA1\:I,GPIO,HPDMA1\:I,LINKEDLIST\:I,NVIC1\:I,RCC\:I,MEMORYMAP\:I
CAD.formats=
CAD.pinconfig=
CAD.provider=
CORTEX_M7_APPLI.CPU_DCache=Enabled
CORTEX_M7_APPLI.CPU_ICache=Enabled
CORTEX_M7_APPLI.IPParameters=default_mode_Activation,CPU_ICache,CPU_DCache,MPU_Control
CORTEX_M7_APPLI.MPU_Control=__NULL
CORTEX_M7_APPLI.default_mode_Activation=1
CORTEX_M7_BOOT.IPParameters=default_mode_Activation
CORTEX_M7_BOOT.default_mode_Activation=1
ExtMemLoader.IPs=EXTMEM_LOADER\:I,EXTMEM_MANAGER\:I,GPDMA1,GPIO,HPDMA1,LINKEDLIST
FREERTOS.BinarySemaphores01=spiTxBinarySem,Dynamic,NULL,Available;spiTxRxBinarySem,Dynamic,NULL,Available
FREERTOS.FootprintOK=true
FREERTOS.IPParameters=Tasks01,configENABLE_FPU,configTOTAL_HEAP_SIZE,configUSE_MALLOC_FAILED_HOOK,configCHECK_FOR_STACK_OVERFLOW,FootprintOK,BinarySemaphores01,Mutexes01
FREERTOS.Mutexes01=spiMutex,Dynamic,NULL,Available;i2cMutex,Dynamic,NULL,Available
FREERTOS.Tasks01=defaultTask,24,128,StartDefaultTask,Default,NULL,Dynamic,NULL,NULL;usbTask,40,512,StartUSBTask,Default,NULL,Dynamic,NULL,NULL;audioTask,40,1024,StartAudioTask,Default,NULL,Dynamic,NULL,NULL;ledTask,24,256,StartLEDTask,Default,NULL,Dynamic,NULL,NULL;adcTask,32,512,StartADCTask,Default,NULL,Dynamic,NULL,NULL;oledTask,24,256,StartOLEDTask,Default,NULL,Dynamic,NULL,NULL
FREERTOS.configCHECK_FOR_STACK_OVERFLOW=2
FREERTOS.configENABLE_FPU=1
FREERTOS.configTOTAL_HEAP_SIZE=32768
FREERTOS.configUSE_MALLOC_FAILED_HOOK=1
File.Version=6
GPDMA1.DIRECTION_GPDMACH4=DMA_MEMORY_TO_PERIPH
GPDMA1.IPHANDLE_GPDMACH4-SIMPLEREQUEST_GPDMACH4=__NULL
GPDMA1.IPParameters=REQUEST_GPDMACH4,PRIORITY_GPDMACH4,DIRECTION_GPDMACH4,SRCINC_GPDMACH4,PRIORITY_LL_GPDMACH2,LINKEDLISTMODE_GPDMACH2,PRIORITY_LL_GPDMACH3,LINKEDLISTMODE_GPDMACH3,IPHANDLE_GPDMACH4-SIMPLEREQUEST_GPDMACH4
GPDMA1.LINKEDLISTMODE_GPDMACH2=DMA_LINKEDLIST_CIRCULAR
GPDMA1.LINKEDLISTMODE_GPDMACH3=DMA_LINKEDLIST_CIRCULAR
GPDMA1.PRIORITY_GPDMACH4=DMA_LOW_PRIORITY_MID_WEIGHT
GPDMA1.PRIORITY_LL_GPDMACH2=DMA_LOW_PRIORITY_HIGH_WEIGHT
GPDMA1.PRIORITY_LL_GPDMACH3=DMA_LOW_PRIORITY_HIGH_WEIGHT
GPDMA1.REQUEST_GPDMACH4=GPDMA1_REQUEST_TIM1_CH3
GPDMA1.SRCINC_GPDMACH4=DMA_SINC_INCREMENTED
GPIO.groupedBy=Group By Peripherals
HPDMA1.IPParameters=PRIORITY_LL_HPDMACH0,LINKEDLISTMODE_HPDMACH0
HPDMA1.LINKEDLISTMODE_HPDMACH0=DMA_LINKEDLIST_CIRCULAR
HPDMA1.PRIORITY_LL_HPDMACH0=DMA_LOW_PRIORITY_MID_WEIGHT
I2C3.IPParameters=Timing
I2C3.Timing=0x20C0EDFF
KeepUserPlacement=false
Linkedlist.MDMA_Channel0.GP_SW.0.BlkHWRequest=DMA_BREQ_SINGLE_BURST
Linkedlist.MDMA_Channel0.GP_SW.0.DataHandling=NONE
Linkedlist.MDMA_Channel0.GP_SW.0.DataSize=SAI_TX_BUF_SIZE * 4U
Linkedlist.MDMA_Channel0.GP_SW.0.DestBurstLength=1
Linkedlist.MDMA_Channel0.GP_SW.0.DestDataWidth=DMA_DEST_DATAWIDTH_WORD
Linkedlist.MDMA_Channel0.GP_SW.0.DestInc=DMA_DINC_FIXED
Linkedlist.MDMA_Channel0.GP_SW.0.Direction=DMA_MEMORY_TO_PERIPH
Linkedlist.MDMA_Channel0.GP_SW.0.DstAddress=(uint32_t) &SAI2_Block_A->DR
Linkedlist.MDMA_Channel0.GP_SW.0.Instance=MDMA_Channel0
Linkedlist.MDMA_Channel0.GP_SW.0.LL_CIRCULARNODE=Node_HPDMA_Channel2
Linkedlist.MDMA_Channel0.GP_SW.0.LL_MASTERDMA=GPDMA1
Linkedlist.MDMA_Channel0.GP_SW.0.LL_NAME=List_GPDMA1_Channel2
Linkedlist.MDMA_Channel0.GP_SW.0.LL_TYPE=CIRCULAR
Linkedlist.MDMA_Channel0.GP_SW.0.Mode=DMA_NORMAL
Linkedlist.MDMA_Channel0.GP_SW.0.NODE_NAME=Node_GPDMA1_Channel2
Linkedlist.MDMA_Channel0.GP_SW.0.RequestParameters=LL_NAME,LL_MASTERDMA,LL_TYPE,LL_CIRCULARNODE,NODE_NAME,BlkHWRequest,Requestforcodegen,Direction,SrcInc,DestInc,SrcDataWidth,DestDataWidth,SrcBurstLength,DestBurstLength,TransferAllocatedPortSrc,TransferEventMode,Mode,DataHandling,TriggerPolarity,SrcAddress,DstAddress,DataSize
Linkedlist.MDMA_Channel0.GP_SW.0.Requestforcodegen=GPDMA1_REQUEST_SAI2_A
Linkedlist.MDMA_Channel0.GP_SW.0.SrcAddress=(uint32_t) stereo_out_buf
Linkedlist.MDMA_Channel0.GP_SW.0.SrcBurstLength=1
Linkedlist.MDMA_Channel0.GP_SW.0.SrcDataWidth=DMA_SRC_DATAWIDTH_WORD
Linkedlist.MDMA_Channel0.GP_SW.0.SrcInc=DMA_SINC_INCREMENTED
Linkedlist.MDMA_Channel0.GP_SW.0.TransferAllocatedPortSrc=DMA_SRC_ALLOCATED_PORT0
Linkedlist.MDMA_Channel0.GP_SW.0.TransferEventMode=DMA_TCEM_BLOCK_TRANSFER
Linkedlist.MDMA_Channel0.GP_SW.0.TriggerPolarity=DMA_TRIG_POLARITY_MASKED
Linkedlist.MDMA_Channel0.Request0=GP_SW
Linkedlist.MDMA_Channel0.RequestsNb=1
Linkedlist.MDMA_Channel1.GP_SW.0.BlkHWRequest=DMA_BREQ_SINGLE_BURST
Linkedlist.MDMA_Channel1.GP_SW.0.DataHandling=NONE
Linkedlist.MDMA_Channel1.GP_SW.0.DataSize=SAI_RX_BUF_SIZE * 4U
Linkedlist.MDMA_Channel1.GP_SW.0.DestBurstLength=1
Linkedlist.MDMA_Channel1.GP_SW.0.DestDataWidth=DMA_DEST_DATAWIDTH_WORD
Linkedlist.MDMA_Channel1.GP_SW.0.DestInc=DMA_DINC_INCREMENTED
Linkedlist.MDMA_Channel1.GP_SW.0.Direction=DMA_PERIPH_TO_MEMORY
Linkedlist.MDMA_Channel1.GP_SW.0.DstAddress=(uint32_t) stereo_in_buf
Linkedlist.MDMA_Channel1.GP_SW.0.Instance=MDMA_Channel1
Linkedlist.MDMA_Channel1.GP_SW.0.LL_CIRCULARNODE=Node_HPDMA_Channel1
Linkedlist.MDMA_Channel1.GP_SW.0.LL_MASTERDMA=GPDMA1
Linkedlist.MDMA_Channel1.GP_SW.0.LL_NAME=List_GPDMA1_Channel3
Linkedlist.MDMA_Channel1.GP_SW.0.LL_TYPE=CIRCULAR
Linkedlist.MDMA_Channel1.GP_SW.0.Mode=DMA_NORMAL
Linkedlist.MDMA_Channel1.GP_SW.0.NODE_NAME=Node_GPDMA1_Channel3
Linkedlist.MDMA_Channel1.GP_SW.0.RequestParameters=LL_NAME,LL_MASTERDMA,LL_TYPE,LL_CIRCULARNODE,NODE_NAME,BlkHWRequest,Requestforcodegen,Direction,SrcInc,DestInc,SrcDataWidth,DestDataWidth,SrcBurstLength,DestBurstLength,TransferAllocatedPortSrc,TransferEventMode,Mode,DataHandling,TriggerPolarity,SrcAddress,DstAddress,DataSize
Linkedlist.MDMA_Channel1.GP_SW.0.Requestforcodegen=GPDMA1_REQUEST_SAI1_A
Linkedlist.MDMA_Channel1.GP_SW.0.SrcAddress=(uint32_t) &SAI1_Block_A->DR
Linkedlist.MDMA_Channel1.GP_SW.0.SrcBurstLength=1
Linkedlist.MDMA_Channel1.GP_SW.0.SrcDataWidth=DMA_SRC_DATAWIDTH_WORD
Linkedlist.MDMA_Channel1.GP_SW.0.SrcInc=DMA_SINC_FIXED
Linkedlist.MDMA_Channel1.GP_SW.0.TransferAllocatedPortSrc=DMA_SRC_ALLOCATED_PORT0
Linkedlist.MDMA_Channel1.GP_SW.0.TransferEventMode=DMA_TCEM_BLOCK_TRANSFER
Linkedlist.MDMA_Channel1.GP_SW.0.TriggerPolarity=DMA_TRIG_POLARITY_MASKED
Linkedlist.MDMA_Channel1.Request0=GP_SW
Linkedlist.MDMA_Channel1.RequestsNb=1
Linkedlist.MDMA_Channel2.GP_SW.0.BlkHWRequest=DMA_BREQ_SINGLE_BURST
Linkedlist.MDMA_Channel2.GP_SW.0.DataHandling=NONE
Linkedlist.MDMA_Channel2.GP_SW.0.DataSize=ADC_NUM * 4U
Linkedlist.MDMA_Channel2.GP_SW.0.DestBurstLength=1
Linkedlist.MDMA_Channel2.GP_SW.0.DestDataWidth=DMA_DEST_DATAWIDTH_WORD
Linkedlist.MDMA_Channel2.GP_SW.0.DestInc=DMA_DINC_INCREMENTED
Linkedlist.MDMA_Channel2.GP_SW.0.Direction=DMA_PERIPH_TO_MEMORY
Linkedlist.MDMA_Channel2.GP_SW.0.DstAddress=(uint32_t) adc_val
Linkedlist.MDMA_Channel2.GP_SW.0.Instance=MDMA_Channel2
Linkedlist.MDMA_Channel2.GP_SW.0.LL_CIRCULARNODE=Node_HPDMA1_Channel0
Linkedlist.MDMA_Channel2.GP_SW.0.LL_MASTERDMA=HPDMA1
Linkedlist.MDMA_Channel2.GP_SW.0.LL_NAME=List_HPDMA1_Channel0
Linkedlist.MDMA_Channel2.GP_SW.0.LL_TYPE=CIRCULAR
Linkedlist.MDMA_Channel2.GP_SW.0.Mode=DMA_NORMAL
Linkedlist.MDMA_Channel2.GP_SW.0.NODE_NAME=Node_HPDMA1_Channel0
Linkedlist.MDMA_Channel2.GP_SW.0.RequestParameters=LL_NAME,LL_MASTERDMA,LL_TYPE,LL_CIRCULARNODE,NODE_NAME,BlkHWRequest,Requestforcodegen,Direction,SrcInc,DestInc,SrcDataWidth,DestDataWidth,SrcBurstLength,DestBurstLength,TransferAllocatedPortSrc,TransferEventMode,Mode,DataHandling,TriggerPolarity,SrcAddress,DstAddress,DataSize
Linkedlist.MDMA_Channel2.GP_SW.0.Requestforcodegen=HPDMA1_REQUEST_ADC1
Linkedlist.MDMA_Channel2.GP_SW.0.SrcAddress=(uint32_t) &ADC1->DR
Linkedlist.MDMA_Channel2.GP_SW.0.SrcBurstLength=1
Linkedlist.MDMA_Channel2.GP_SW.0.SrcDataWidth=DMA_SRC_DATAWIDTH_WORD
Linkedlist.MDMA_Channel2.GP_SW.0.SrcInc=DMA_SINC_FIXED
Linkedlist.MDMA_Channel2.GP_SW.0.TransferAllocatedPortSrc=DMA_SRC_ALLOCATED_PORT1
Linkedlist.MDMA_Channel2.GP_SW.0.TransferEventMode=DMA_TCEM_BLOCK_TRANSFER
Linkedlist.MDMA_Channel2.GP_SW.0.TriggerPolarity=DMA_TRIG_POLARITY_MASKED
Linkedlist.MDMA_Channel2.Request0=GP_SW
Linkedlist.MDMA_Channel2.RequestsNb=1
Linkedlist.RequestSet0=MDMA_Channel0
Linkedlist.RequestSet1=MDMA_Channel1
Linkedlist.RequestSet2=MDMA_Channel2
Linkedlist.RequestSetsNb=3
MMTAppReg1.MEMORYMAP.AppRegionName=DTCM
MMTAppReg1.MEMORYMAP.ContextName=Boot
MMTAppReg1.MEMORYMAP.CoreName=ARM Cortex-M7
MMTAppReg1.MEMORYMAP.DefaultDataRegion=true
MMTAppReg1.MEMORYMAP.IPParameters=StartAddress,Size,CoreName,DefaultDataRegion,ContextName,Name
MMTAppReg1.MEMORYMAP.Name=DTCM
MMTAppReg1.MEMORYMAP.Size=65536
MMTAppReg1.MEMORYMAP.StartAddress=0x20000000
MMTAppReg2.MEMORYMAP.AppRegionName=RAM
MMTAppReg2.MEMORYMAP.ContextName=Boot
MMTAppReg2.MEMORYMAP.CoreName=ARM Cortex-M7
MMTAppReg2.MEMORYMAP.DefaultDataRegion=true
MMTAppReg2.MEMORYMAP.IPParameters=StartAddress,Size,CoreName,DefaultDataRegion,ContextName,Name
MMTAppReg2.MEMORYMAP.Name=RAM
MMTAppReg2.MEMORYMAP.Size=465920
MMTAppReg2.MEMORYMAP.StartAddress=0x24000000
MMTAppReg3.MEMORYMAP.AppRegionName=ITCM
MMTAppReg3.MEMORYMAP.Cacheability=WTRA
MMTAppReg3.MEMORYMAP.ContextName=Boot
MMTAppReg3.MEMORYMAP.CoreName=ARM Cortex-M7
MMTAppReg3.MEMORYMAP.DefaultDataRegion=false
MMTAppReg3.MEMORYMAP.IPParameters=StartAddress,Size,CoreName,DefaultDataRegion,ContextName,Name,Cacheability
MMTAppReg3.MEMORYMAP.Name=ITCM
MMTAppReg3.MEMORYMAP.Size=65536
MMTAppReg3.MEMORYMAP.StartAddress=0x00000000
MMTAppReg4.MEMORYMAP.AP=RO_priv_only
MMTAppReg4.MEMORYMAP.AppRegionName=FLASH
MMTAppReg4.MEMORYMAP.Cacheability=WTRA
MMTAppReg4.MEMORYMAP.ContextName=Boot
MMTAppReg4.MEMORYMAP.CoreName=ARM Cortex-M7
MMTAppReg4.MEMORYMAP.DefaultCodeRegion=true
MMTAppReg4.MEMORYMAP.DefaultDataRegion=false
MMTAppReg4.MEMORYMAP.IPParameters=StartAddress,Size,CoreName,DefaultDataRegion,MemType,ContextName,Name,AP,Cacheability,DefaultCodeRegion
MMTAppReg4.MEMORYMAP.MemType=ROM
MMTAppReg4.MEMORYMAP.Name=FLASH
MMTAppReg4.MEMORYMAP.Size=65536
MMTAppReg4.MEMORYMAP.StartAddress=0x08000000
MMTAppReg5.MEMORYMAP.AppRegionName=DTCM
MMTAppReg5.MEMORYMAP.ContextName=Appli
MMTAppReg5.MEMORYMAP.CoreName=ARM Cortex-M7
MMTAppReg5.MEMORYMAP.DefaultDataRegion=true
MMTAppReg5.MEMORYMAP.IPParameters=StartAddress,Size,CoreName,DefaultDataRegion,ContextName,Name
MMTAppReg5.MEMORYMAP.Name=DTCM
MMTAppReg5.MEMORYMAP.Size=65536
MMTAppReg5.MEMORYMAP.StartAddress=0x20000000
MMTAppReg6.MEMORYMAP.AppRegionName=RAM
MMTAppReg6.MEMORYMAP.ContextName=Appli
MMTAppReg6.MEMORYMAP.CoreName=ARM Cortex-M7
MMTAppReg6.MEMORYMAP.DefaultDataRegion=true
MMTAppReg6.MEMORYMAP.IPParameters=StartAddress,Size,CoreName,DefaultDataRegion,ContextName,Name
MMTAppReg6.MEMORYMAP.Name=RAM
MMTAppReg6.MEMORYMAP.Size=465920
MMTAppReg6.MEMORYMAP.StartAddress=0x24000000
MMTAppReg7.MEMORYMAP.AppRegionName=ITCM
MMTAppReg7.MEMORYMAP.Cacheability=WTRA
MMTAppReg7.MEMORYMAP.ContextName=Appli
MMTAppReg7.MEMORYMAP.CoreName=ARM Cortex-M7
MMTAppReg7.MEMORYMAP.DefaultDataRegion=false
MMTAppReg7.MEMORYMAP.IPParameters=StartAddress,Size,CoreName,DefaultDataRegion,ContextName,Name,Cacheability
MMTAppReg7.MEMORYMAP.Name=ITCM
MMTAppReg7.MEMORYMAP.Size=65536
MMTAppReg7.MEMORYMAP.StartAddress=0x00000000
MMTAppReg8.MEMORYMAP.AP=RO_priv_only
MMTAppReg8.MEMORYMAP.AppRegionName=FLASH
MMTAppReg8.MEMORYMAP.Cacheability=WTRA
MMTAppReg8.MEMORYMAP.ContextName=Appli
MMTAppReg8.MEMORYMAP.CoreName=ARM Cortex-M7
MMTAppReg8.MEMORYMAP.DefaultCodeRegion=true
MMTAppReg8.MEMORYMAP.DefaultDataRegion=false
MMTAppReg8.MEMORYMAP.IPParameters=StartAddress,Size,CoreName,DefaultDataRegion,MemType,ContextName,Name,AP,Cacheability,DefaultCodeRegion
MMTAppReg8.MEMORYMAP.MemType=ROM
MMTAppReg8.MEMORYMAP.Name=FLASH
MMTAppReg8.MEMORYMAP.Size=65536
MMTAppReg8.MEMORYMAP.StartAddress=0x08000000
MMTAppRegionsCount=8
MMTConfigApplied=false
MMTSectionSuffix=
Mcu.CPN=STM32H7S3Z8T6
Mcu.Context0=Boot
Mcu.Context1=Appli
Mcu.Context2=ExtMemLoader
Mcu.ContextNb=3
Mcu.Family=STM32H7
Mcu.IP0=ADC1
Mcu.IP1=CORTEX_M7_APPLI
Mcu.IP10=NVIC2
Mcu.IP11=NVIC1
Mcu.IP12=PWR
Mcu.IP13=RCC
Mcu.IP14=SAI1
Mcu.IP15=SAI2
Mcu.IP16=SPI5
Mcu.IP17=SYS
Mcu.IP18=TIM1
Mcu.IP19=USB_OTG_HS
Mcu.IP2=CORTEX_M7_BOOT
Mcu.IP3=DEBUG
Mcu.IP4=FREERTOS
Mcu.IP5=GPDMA1
Mcu.IP6=HPDMA1
Mcu.IP7=I2C3
Mcu.IP8=LINKEDLIST
Mcu.IP9=MEMORYMAP
Mcu.IPNb=20
Mcu.Name=STM32H7S3Z8Tx
Mcu.Package=LQFP144
Mcu.Pin0=PE4
Mcu.Pin1=PE5
Mcu.Pin10=PA4
Mcu.Pin11=PA6
Mcu.Pin12=PB1
Mcu.Pin13=PD8
Mcu.Pin14=PD9
Mcu.Pin15=PD10
Mcu.Pin16=PD11
Mcu.Pin17=PD12
Mcu.Pin18=PD13
Mcu.Pin19=PB13
Mcu.Pin2=PE6
Mcu.Pin20=PD14
Mcu.Pin21=PD15
Mcu.Pin22=PC9
Mcu.Pin23=PA8
Mcu.Pin24=PA9
Mcu.Pin25=PA10
Mcu.Pin26=PA13(JTMS/SWDIO)
Mcu.Pin27=PA14(JTCK/SWCLK)
Mcu.Pin28=PD0
Mcu.Pin29=PD1
Mcu.Pin3=PH0-OSC_IN(PH0)
Mcu.Pin30=PD2
Mcu.Pin31=PM5
Mcu.Pin32=PM6
Mcu.Pin33=PM9
Mcu.Pin34=PM12
Mcu.Pin35=PM11
Mcu.Pin36=PM14
Mcu.Pin37=PM13
Mcu.Pin38=PB3(JTDO/TRACESWO)
Mcu.Pin39=VP_FREERTOS_VS_CMSIS_V2
Mcu.Pin4=PH1-OSC_OUT(PH1)
Mcu.Pin40=VP_GPDMA1_VS_GPDMACH2
Mcu.Pin41=VP_GPDMA1_VS_GPDMACH3
Mcu.Pin42=VP_GPDMA1_VS_GPDMACH4
Mcu.Pin43=VP_HPDMA1_VS_HPDMACH0
Mcu.Pin44=VP_PWR_VS_USBReg
Mcu.Pin45=VP_RCC_USB
Mcu.Pin46=VP_SYS_VS_tim6
Mcu.Pin47=VP_TIM1_VS_ClockSourceINT
Mcu.Pin48=VP_MEMORYMAP_VS_MEMORYMAP
Mcu.Pin5=PC0
Mcu.Pin6=PC2
Mcu.Pin7=PC3
Mcu.Pin8=PA0
Mcu.Pin9=PA3
Mcu.PinsNb=49
Mcu.ThirdPartyNb=0
Mcu.UserConstants=
Mcu.UserName=STM32H7S3Z8Tx
MxCube.Version=6.16.0
MxDb.Version=DB.6.0.160
NVIC1.BusFault_IRQn=true\:0\:0\:false\:false\:true\:false\:false\:false
NVIC1.DebugMonitor_IRQn=true\:0\:0\:false\:false\:true\:false\:false\:false
NVIC1.ForceEnableDMAVector=true
NVIC1.HardFault_IRQn=true\:0\:0\:false\:false\:true\:false\:false\:false
NVIC1.MemoryManagement_IRQn=true\:0\:0\:false\:false\:true\:false\:false\:false
NVIC1.NonMaskableInt_IRQn=true\:0\:0\:false\:false\:true\:false\:false\:false
NVIC1.PendSV_IRQn=true\:0\:0\:false\:false\:true\:false\:false\:false
NVIC1.PriorityGroup=NVIC_PRIORITYGROUP_4
NVIC1.SVCall_IRQn=true\:0\:0\:false\:false\:true\:false\:false\:false
NVIC1.SysTick_IRQn=true\:15\:0\:false\:false\:true\:false\:true\:false
NVIC1.UsageFault_IRQn=true\:0\:0\:false\:false\:true\:false\:false\:false
NVIC2.ADC1_2_IRQn=true\:8\:0\:true\:false\:true\:true\:true\:true\:true
NVIC2.BusFault_IRQn=true\:0\:0\:false\:false\:true\:false\:false\:false\:false
NVIC2.DebugMonitor_IRQn=true\:0\:0\:false\:false\:true\:false\:false\:false\:false
NVIC2.ForceEnableDMAVector=true
NVIC2.GPDMA1_Channel2_IRQn=true\:5\:0\:true\:false\:true\:true\:true\:true\:true
NVIC2.GPDMA1_Channel3_IRQn=true\:5\:0\:true\:false\:true\:true\:true\:true\:true
NVIC2.GPDMA1_Channel4_IRQn=true\:13\:0\:true\:false\:true\:true\:true\:false\:true
NVIC2.HPDMA1_Channel0_IRQn=true\:5\:0\:true\:false\:true\:true\:true\:true\:true
NVIC2.HardFault_IRQn=true\:0\:0\:false\:false\:true\:false\:false\:false\:false
NVIC2.I2C3_ER_IRQn=true\:10\:0\:true\:false\:true\:true\:true\:true\:true
NVIC2.I2C3_EV_IRQn=true\:10\:0\:true\:false\:true\:true\:true\:true\:true
NVIC2.MemoryManagement_IRQn=true\:0\:0\:false\:false\:true\:false\:false\:false\:false
NVIC2.NonMaskableInt_IRQn=true\:0\:0\:false\:false\:true\:false\:false\:false\:false
NVIC2.OTG_HS_IRQn=true\:5\:0\:true\:false\:true\:true\:true\:true\:true
NVIC2.PendSV_IRQn=true\:15\:0\:false\:false\:false\:true\:true\:false\:false
NVIC2.PriorityGroup=NVIC_PRIORITYGROUP_4
NVIC2.SAI1_A_IRQn=true\:6\:0\:true\:false\:true\:true\:true\:true\:true
NVIC2.SAI2_A_IRQn=true\:6\:0\:true\:false\:true\:true\:true\:true\:true
NVIC2.SPI5_IRQn=true\:10\:0\:true\:false\:true\:true\:true\:true\:true
NVIC2.SVCall_IRQn=true\:0\:0\:false\:false\:false\:false\:false\:false\:false
NVIC2.SavedPendsvIrqHandlerGenerated=false
NVIC2.SavedSvcallIrqHandlerGenerated=false
NVIC2.SavedSystickIrqHandlerGenerated=true
NVIC2.SysTick_IRQn=true\:15\:0\:false\:false\:false\:true\:true\:true\:false
NVIC2.TIM6_IRQn=true\:15\:0\:false\:false\:true\:false\:true\:true\:true
NVIC2.TimeBase=TIM6_IRQn
NVIC2.TimeBaseIP=TIM6
NVIC2.UsageFault_IRQn=true\:0\:0\:false\:false\:true\:false\:false\:false\:false
PA0.GPIOParameters=PinAttribute
PA0.PinAttribute=Appli
PA0.Signal=ADCx_INP0
PA10.GPIOParameters=GPIO_Speed,PinAttribute
PA10.GPIO_Speed=GPIO_SPEED_FREQ_HIGH
PA10.Locked=true
PA10.PinAttribute=Appli
PA10.Signal=S_TIM1_CH3
PA13(JTMS/SWDIO).Mode=Trace_Asynchronous_SW
PA13(JTMS/SWDIO).Signal=DEBUG_JTMS-SWDIO
PA14(JTCK/SWCLK).Mode=Trace_Asynchronous_SW
PA14(JTCK/SWCLK).Signal=DEBUG_JTCK-SWCLK
PA3.GPIOParameters=PinAttribute
PA3.PinAttribute=Appli
PA3.Signal=ADCx_INP15
PA4.GPIOParameters=PinAttribute
PA4.Mode=IN18-Single-Ended
PA4.PinAttribute=Appli
PA4.Signal=ADC1_INP18
PA6.GPIOParameters=PinAttribute
PA6.PinAttribute=Appli
PA6.Signal=ADCx_INP3
PA8.GPIOParameters=PinAttribute
PA8.Mode=I2C
PA8.PinAttribute=Appli
PA8.Signal=I2C3_SCL
PA9.GPIOParameters=PinAttribute
PA9.Mode=I2C
PA9.PinAttribute=Appli
PA9.Signal=I2C3_SDA
PB1.GPIOParameters=PinAttribute
PB1.PinAttribute=Appli
PB1.Signal=ADCx_INP5
PB13.ContextOwner=Appli
PB13.GPIOParameters=PinState,GPIO_Label,PinAttribute
PB13.GPIO_Label=CODEC_RESET
PB13.Locked=true
PB13.PinAttribute=Appli
PB13.PinState=GPIO_PIN_SET
PB13.Signal=GPIO_Output
PB3(JTDO/TRACESWO).Mode=Trace_Asynchronous_SW
PB3(JTDO/TRACESWO).Signal=DEBUG_JTDO-SWO
PC0.GPIOParameters=PinAttribute
PC0.PinAttribute=Appli
PC0.Signal=ADCx_INP10
PC2.GPIOParameters=PinAttribute
PC2.PinAttribute=Appli
PC2.Signal=ADCx_INP12
PC3.GPIOParameters=PinAttribute
PC3.PinAttribute=Appli
PC3.Signal=ADCx_INP13
PC9.GPIOParameters=PinAttribute
PC9.Mode=Audio_ClockIn
PC9.PinAttribute=Free
PC9.Signal=I2S_CKIN
PCC.Checker=false
PCC.Line=STM32H7R3/7S3
PCC.MCU=STM32H7S3Z8Tx
PCC.PartNumber=STM32H7S3Z8Tx
PCC.Series=STM32H7
PCC.Temperature=25
PCC.Vdd=3.0
PD0.ContextOwner=Appli
PD0.GPIOParameters=GPIO_Label,PinAttribute
PD0.GPIO_Label=LED2
PD0.Locked=true
PD0.PinAttribute=Appli
PD0.Signal=GPIO_Output
PD1.ContextOwner=Appli
PD1.GPIOParameters=GPIO_Label,PinAttribute
PD1.GPIO_Label=LED1
PD1.Locked=true
PD1.PinAttribute=Appli
PD1.Signal=GPIO_Output
PD10.ContextOwner=Appli
PD10.GPIOParameters=GPIO_Speed,GPIO_Label,PinAttribute
PD10.GPIO_Label=S2
PD10.GPIO_Speed=GPIO_SPEED_FREQ_MEDIUM
PD10.Locked=true
PD10.PinAttribute=Appli
PD10.Signal=GPIO_Output
PD11.GPIOParameters=GPIO_Speed,PinAttribute
PD11.GPIO_Speed=GPIO_SPEED_FREQ_VERY_HIGH
PD11.Mode=SAI_A_AsyncSlave
PD11.PinAttribute=Appli
PD11.Signal=SAI2_SD_A
PD12.GPIOParameters=GPIO_Speed,PinAttribute
PD12.GPIO_Speed=GPIO_SPEED_FREQ_VERY_HIGH
PD12.Mode=SAI_A_AsyncSlave
PD12.PinAttribute=Appli
PD12.Signal=SAI2_FS_A
PD13.GPIOParameters=GPIO_Speed,PinAttribute
PD13.GPIO_Speed=GPIO_SPEED_FREQ_VERY_HIGH
PD13.Mode=SAI_A_AsyncSlave
PD13.PinAttribute=Appli
PD13.Signal=SAI2_SCK_A
PD14.ContextOwner=Appli
PD14.GPIOParameters=GPIO_Label,PinAttribute
PD14.GPIO_Label=SW2
PD14.Locked=true
PD14.PinAttribute=Appli
PD14.Signal=GPIO_Input
PD15.ContextOwner=Appli
PD15.GPIOParameters=GPIO_Label,PinAttribute
PD15.GPIO_Label=SW1
PD15.Locked=true
PD15.PinAttribute=Appli
PD15.Signal=GPIO_Input
PD2.ContextOwner=Appli
PD2.GPIOParameters=GPIO_Label,PinAttribute
PD2.GPIO_Label=LED0
PD2.Locked=true
PD2.PinAttribute=Appli
PD2.Signal=GPIO_Output
PD8.ContextOwner=Appli
PD8.GPIOParameters=GPIO_Speed,GPIO_Label,PinAttribute
PD8.GPIO_Label=S0
PD8.GPIO_Speed=GPIO_SPEED_FREQ_MEDIUM
PD8.Locked=true
PD8.PinAttribute=Appli
PD8.Signal=GPIO_Output
PD9.ContextOwner=Appli
PD9.GPIOParameters=GPIO_Speed,GPIO_Label,PinAttribute
PD9.GPIO_Label=S1
PD9.GPIO_Speed=GPIO_SPEED_FREQ_MEDIUM
PD9.Locked=true
PD9.PinAttribute=Appli
PD9.Signal=GPIO_Output
PE4.GPIOParameters=GPIO_Speed,PinAttribute
PE4.GPIO_Speed=GPIO_SPEED_FREQ_VERY_HIGH
PE4.Mode=SAI_A_AsyncSlave
PE4.PinAttribute=Appli
PE4.Signal=SAI1_FS_A
PE5.GPIOParameters=GPIO_Speed,PinAttribute
PE5.GPIO_Speed=GPIO_SPEED_FREQ_VERY_HIGH
PE5.Mode=SAI_A_AsyncSlave
PE5.PinAttribute=Appli
PE5.Signal=SAI1_SCK_A
PE6.GPIOParameters=GPIO_Speed,PinAttribute
PE6.GPIO_Speed=GPIO_SPEED_FREQ_VERY_HIGH
PE6.Mode=SAI_A_AsyncSlave
PE6.PinAttribute=Appli
PE6.Signal=SAI1_SD_A
PH0-OSC_IN(PH0).Mode=HSE-DIG-External-Clock-Source
PH0-OSC_IN(PH0).Signal=RCC_OSC_IN
PH1-OSC_OUT(PH1).ContextOwner=Appli
PH1-OSC_OUT(PH1).GPIOParameters=PinState,GPIO_Label,PinAttribute
PH1-OSC_OUT(PH1).GPIO_Label=DSP_RESET
PH1-OSC_OUT(PH1).Locked=true
PH1-OSC_OUT(PH1).PinAttribute=Appli
PH1-OSC_OUT(PH1).PinState=GPIO_PIN_SET
PH1-OSC_OUT(PH1).Signal=GPIO_Output
PM11.GPIOParameters=PinAttribute
PM11.Mode=Full_Duplex_Master
PM11.PinAttribute=Appli
PM11.Signal=SPI5_SCK
PM12.GPIOParameters=PinAttribute
PM12.Mode=NSS_Signal_Hard_Output
PM12.PinAttribute=Appli
PM12.Signal=SPI5_NSS
PM13.GPIOParameters=PinAttribute
PM13.Mode=Full_Duplex_Master
PM13.PinAttribute=Appli
PM13.Signal=SPI5_MOSI
PM14.GPIOParameters=PinAttribute
PM14.Mode=Full_Duplex_Master
PM14.PinAttribute=Appli
PM14.Signal=SPI5_MISO
PM5.Mode=Internal_Phy_Device
PM5.Signal=USB_OTG_HS_DM
PM6.Mode=Internal_Phy_Device
PM6.Signal=USB_OTG_HS_DP
PM9.ContextOwner=Appli
PM9.GPIOParameters=PinState,GPIO_Label,PinAttribute
PM9.GPIO_Label=UCPD_PWR_EN
PM9.Locked=true
PM9.PinAttribute=Appli
PM9.PinState=GPIO_PIN_SET
PM9.Signal=GPIO_Output
PWR.IPParameters=USB_HS_REGEN
PWR.USB_HS_REGEN=Enable
PinOutPanel.RotationAngle=0
ProjectManager.AskForMigrate=true
ProjectManager.BackupPrevious=false
ProjectManager.CompilerLinker=GCC
ProjectManager.CompilerOptimize=6
ProjectManager.ComputerToolchain=false
ProjectManager.CoupleFile=true
ProjectManager.CustomerFirmwarePackage=
ProjectManager.DefaultFWLocation=true
ProjectManager.DeletePrevious=true
ProjectManager.DeviceId=STM32H7S3Z8Tx
ProjectManager.FirmwarePackage=STM32Cube FW_H7RS V1.3.0
ProjectManager.FreePins=false
ProjectManager.FreePinsContext=Boot
ProjectManager.HalAssertFull=false
ProjectManager.HeapSize=App-0x200,Boot-0x200,ExtMemLoader-0x200
ProjectManager.KeepUserCode=true
ProjectManager.LastFirmware=true
ProjectManager.LibraryCopy=1
ProjectManager.MainLocation=Core/Src
ProjectManager.NoMain=false
ProjectManager.PreviousToolchain=STM32CubeIDE
ProjectManager.ProjectBuild=false
ProjectManager.ProjectFileName=JUMBLEQ.ioc
ProjectManager.ProjectName=JUMBLEQ
ProjectManager.ProjectStructure=Boot\:Boot Project\:false;App\:Appli Project\:true;ExtMemLoader\:ExtMemLoader Project\:false;
ProjectManager.RegisterCallBack=
ProjectManager.StackSize=App-0x4000,Boot-0x400,ExtMemLoader-0x400
ProjectManager.TargetToolchain=STM32CubeIDE
ProjectManager.ToolChainLocation=
ProjectManager.UAScriptAfterPath=
ProjectManager.UAScriptBeforePath=
ProjectManager.UnderRoot=true
ProjectManager.functionlistsort=1-SystemClock_Config-RCC-false-HAL-false-Boot,2-MX_GPDMA1_Init-GPDMA1-false-HAL-true-Boot,3-MX_HPDMA1_Init-HPDMA1-false-HAL-true-Boot,1-SystemClock_Config-RCC-false-HAL-false-Appli,2-MX_GPIO_Init-GPIO-false-HAL-true-Appli,3-MX_GPDMA1_Init-GPDMA1-false-HAL-true-Appli,4-MX_HPDMA1_Init-HPDMA1-false-HAL-true-Appli,5-MX_USB_OTG_HS_PCD_Init-USB_OTG_HS-false-HAL-true-Appli,6-MX_I2C3_Init-I2C3-false-HAL-true-Appli,7-MX_SPI5_Init-SPI5-false-HAL-true-Appli,8-MX_SAI1_Init-SAI1-false-HAL-true-Appli,9-MX_TIM1_Init-TIM1-false-HAL-true-Appli,10-MX_SAI2_Init-SAI2-false-HAL-true-Appli,11-MX_ADC1_Init-ADC1-false-HAL-true-Appli,0-MX_CORTEX_M7_BOOT_Init-CORTEX_M7_BOOT-false-HAL-true-Boot,0-MX_CORTEX_M7_APPLI_Init-CORTEX_M7_APPLI-false-HAL-true-Appli,0-MX_PWR_Init-PWR-false-HAL-true-Appli,1-SystemClock_Config-RCC-false-HAL-false-ExtMemLoader,2-MX_GPDMA1_Init-GPDMA1-false-HAL-true-ExtMemLoader,3-MX_HPDMA1_Init-HPDMA1-false-HAL-true-ExtMemLoader
RCC.ADCFreq_Value=240000000
RCC.ADFFreq_Value=300000000
RCC.AHB1234Freq_Value=300000000
RCC.AHB5ClockFreq_Value=300000000
RCC.APB1Freq_Value=150000000
RCC.APB2Freq_Value=150000000
RCC.APB4Freq_Value=150000000
RCC.APB5Freq_Value=150000000
RCC.AXIClockFreq_Value=300000000
RCC.BMPRE=RCC_HCLK_DIV2
RCC.CECFreq_Value=32768
RCC.CKPERFreq_Value=64000000
RCC.CPREFreq_Value=600000000
RCC.CortexFreq_Value=600000000
RCC.CpuClockFreq_Value=600000000
RCC.DIVM1=6
RCC.DIVM2=6
RCC.DIVM3=6
RCC.DIVN1=300
RCC.DIVN2=300
RCC.DIVN3=240
RCC.DIVP1Freq_Value=600000000
RCC.DIVP2=5
RCC.DIVP2Freq_Value=240000000
RCC.DIVP3Freq_Value=480000000
RCC.DIVQ1Freq_Value=600000000
RCC.DIVQ2Freq_Value=600000000
RCC.DIVQ3=30
RCC.DIVQ3Freq_Value=32000000
RCC.DIVR1Freq_Value=600000000
RCC.DIVR2Freq_Value=600000000
RCC.DIVR3Freq_Value=480000000
RCC.DIVS1Freq_Value=600000000
RCC.DIVS2Freq_Value=600000000
RCC.DIVS3Freq_Value=480000000
RCC.DIVT1Freq_Value=600000000
RCC.DIVT2Freq_Value=600000000
RCC.DIVT3Freq_Value=480000000
RCC.DTSFreq_Value=32768
RCC.ETH1Freq_Value=12288000
RCC.ETHPHYFreq_Value=24000000
RCC.FDCANFreq_Value=24000000
RCC.FMCFreq_Value=300000000
RCC.FamilyName=M
RCC.HCLKFreq_Value=300000000
RCC.I2C23Freq_Value=150000000
RCC.I2CI3C1Freq_Value=150000000
RCC.IPParameters=ADCFreq_Value,ADFFreq_Value,AHB1234Freq_Value,AHB5ClockFreq_Value,APB1Freq_Value,APB2Freq_Value,APB4Freq_Value,APB5Freq_Value,AXIClockFreq_Value,BMPRE,CECFreq_Value,CKPERFreq_Value,CPREFreq_Value,CortexFreq_Value,CpuClockFreq_Value,DIVM1,DIVM2,DIVM3,DIVN1,DIVN2,DIVN3,DIVP1Freq_Value,DIVP2,DIVP2Freq_Value,DIVP3Freq_Value,DIVQ1Freq_Value,DIVQ2Freq_Value,DIVQ3,DIVQ3Freq_Value,DIVR1Freq_Value,DIVR2Freq_Value,DIVR3Freq_Value,DIVS1Freq_Value,DIVS2Freq_Value,DIVS3Freq_Value,DIVT1Freq_Value,DIVT2Freq_Value,DIVT3Freq_Value,DTSFreq_Value,ETH1Freq_Value,ETHPHYFreq_Value,FDCANFreq_Value,FMCFreq_Value,FamilyName,HCLKFreq_Value,I2C23Freq_Value,I2CI3C1Freq_Value,LPTIM1Freq_Value,LPTIM23Freq_Value,LPTIM45Freq_Value,LPUART1Freq_Value,MCO1PinFreq_Value,MCO2PinFreq_Value,OSPI1Freq_Value,PLL3FRACN,PLLFRACN,PLLSource,PPRE1,PPRE2,PPRE4,PPRE5,PSSIFreq_Value,RTCFreq_Value,SAI1CLockSelection,SAI1Freq_Value,SAI2CLockSelection,SAI2Freq_Value,SDMMCFreq_Value,SPDIFRXFreq_Value,SPI1Freq_Value,SPI23Freq_Value,SPI45Freq_Value,SPI6Freq_Value,SYSCLKFreq_VALUE,SYSCLKSource,TPIUFreq_Value,Tim1OutputFreq_Value,Tim2OutputFreq_Value,UCPDFreq_Value,USART1Freq_Value,USART234578Freq_Value,USBOFSFreq_Value,USBPHYFreq_Value,VCO1OutputFreq_Value,VCO2OutputFreq_Value,VCO3OutputFreq_Value,VCOInput1Freq_Value,VCOInput2Freq_Value,VCOInput3Freq_Value
RCC.LPTIM1Freq_Value=150000000
RCC.LPTIM23Freq_Value=150000000
RCC.LPTIM45Freq_Value=150000000
RCC.LPUART1Freq_Value=150000000
RCC.MCO1PinFreq_Value=64000000
RCC.MCO2PinFreq_Value=600000000
RCC.OSPI1Freq_Value=300000000
RCC.PLL3FRACN=0
RCC.PLLFRACN=0
RCC.PLLSource=RCC_PLLSOURCE_HSE
RCC.PPRE1=RCC_APB1_DIV2
RCC.PPRE2=RCC_APB2_DIV2
RCC.PPRE4=RCC_APB4_DIV2
RCC.PPRE5=RCC_APB5_DIV2
RCC.PSSIFreq_Value=480000000
RCC.RTCFreq_Value=32000
RCC.SAI1CLockSelection=RCC_SAI1CLKSOURCE_PIN
RCC.SAI1Freq_Value=12288000
RCC.SAI2CLockSelection=RCC_SAI2CLKSOURCE_PIN
RCC.SAI2Freq_Value=12288000
RCC.SDMMCFreq_Value=600000000
RCC.SPDIFRXFreq_Value=600000000
RCC.SPI1Freq_Value=600000000
RCC.SPI23Freq_Value=600000000
RCC.SPI45Freq_Value=150000000
RCC.SPI6Freq_Value=150000000
RCC.SYSCLKFreq_VALUE=600000000
RCC.SYSCLKSource=RCC_SYSCLKSOURCE_PLLCLK
RCC.TPIUFreq_Value=200000000
RCC.Tim1OutputFreq_Value=300000000
RCC.Tim2OutputFreq_Value=300000000
RCC.UCPDFreq_Value=16000000
RCC.USART1Freq_Value=150000000
RCC.USART234578Freq_Value=150000000
RCC.USBOFSFreq_Value=48000000
RCC.USBPHYFreq_Value=24000000
RCC.VCO1OutputFreq_Value=1200000000
RCC.VCO2OutputFreq_Value=1200000000
RCC.VCO3OutputFreq_Value=960000000
RCC.VCOInput1Freq_Value=4000000
RCC.VCOInput2Freq_Value=4000000
RCC.VCOInput3Freq_Value=4000000
SAI1.ActiveFrameLength-SAI_A_AsyncSlave=32
SAI1.DataSize-SAI_A_AsyncSlave=SAI_DATASIZE_32
SAI1.FIFOThreshold-SAI_A_AsyncSlave=SAI_FIFOTHRESHOLD_HF
SAI1.FrameLength-SAI_A_AsyncSlave=128
SAI1.IPParameters=Instance-SAI_A_AsyncSlave,VirtualMode-SAI_A_AsyncSlave,FrameLength-SAI_A_AsyncSlave,DataSize-SAI_A_AsyncSlave,ActiveFrameLength-SAI_A_AsyncSlave,SlotNumber-SAI_A_AsyncSlave,VirtualSlotActive-SAI_A_AsyncSlave,SlotActive-SAI_A_AsyncSlave,FIFOThreshold-SAI_A_AsyncSlave
SAI1.Instance-SAI_A_AsyncSlave=SAI$Index_Block_A
SAI1.SlotActive-SAI_A_AsyncSlave=0x0000FFFF
SAI1.SlotNumber-SAI_A_AsyncSlave=4
SAI1.VirtualMode-SAI_A_AsyncSlave=VM_SLAVE
SAI1.VirtualSlotActive-SAI_A_AsyncSlave=SAI_SLOTACTIVE_ALL
SAI2.ActiveFrameLength-SAI_A_AsyncSlave=32
SAI2.AudioMode-SAI_A_AsyncSlave=SAI_MODESLAVE_TX
SAI2.DataSize-SAI_A_AsyncSlave=SAI_DATASIZE_32
SAI2.FIFOThreshold-SAI_A_AsyncSlave=SAI_FIFOTHRESHOLD_HF
SAI2.FrameLength-SAI_A_AsyncSlave=128
SAI2.IPParameters=Instance-SAI_A_AsyncSlave,VirtualMode-SAI_A_AsyncSlave,AudioMode-SAI_A_AsyncSlave,FrameLength-SAI_A_AsyncSlave,DataSize-SAI_A_AsyncSlave,ActiveFrameLength-SAI_A_AsyncSlave,SlotNumber-SAI_A_AsyncSlave,VirtualSlotActive-SAI_A_AsyncSlave,SlotActive-SAI_A_AsyncSlave,FIFOThreshold-SAI_A_AsyncSlave
SAI2.Instance-SAI_A_AsyncSlave=SAI$Index_Block_A
SAI2.SlotActive-SAI_A_AsyncSlave=0x0000FFFF
SAI2.SlotNumber-SAI_A_AsyncSlave=4
SAI2.VirtualMode-SAI_A_AsyncSlave=VM_SLAVE
SAI2.VirtualSlotActive-SAI_A_AsyncSlave=SAI_SLOTACTIVE_ALL
SH.ADCx_INP0.0=ADC1_INP0,IN0-Single-Ended
SH.ADCx_INP0.ConfNb=1
SH.ADCx_INP10.0=ADC1_INP10,IN10-Single-Ended
SH.ADCx_INP10.ConfNb=1
SH.ADCx_INP12.0=ADC1_INP12,IN12-Single-Ended
SH.ADCx_INP12.ConfNb=1
SH.ADCx_INP13.0=ADC1_INP13,IN13-Single-Ended
SH.ADCx_INP13.ConfNb=1
SH.ADCx_INP15.0=ADC1_INP15,IN15-Single-Ended
SH.ADCx_INP15.ConfNb=1
SH.ADCx_INP3.0=ADC1_INP3,IN3-Single-Ended
SH.ADCx_INP3.ConfNb=1
SH.ADCx_INP5.0=ADC1_INP5,IN5-Single-Ended
SH.ADCx_INP5.ConfNb=1
SH.S_TIM1_CH3.0=TIM1_CH3,PWM Generation3 CH3
SH.S_TIM1_CH3.ConfNb=1
SPI5.BaudRatePrescaler=SPI_BAUDRATEPRESCALER_64
SPI5.CalculateBaudRate=2.34375 MBits/s
SPI5.DataSize=SPI_DATASIZE_8BIT
SPI5.Direction=SPI_DIRECTION_2LINES
SPI5.IPParameters=VirtualType,Mode,Direction,CalculateBaudRate,VirtualNSS,DataSize,BaudRatePrescaler
SPI5.Mode=SPI_MODE_MASTER
SPI5.VirtualNSS=VM_NSSHARD
SPI5.VirtualType=VM_MASTER
TIM1.Channel-PWM\ Generation3\ CH3=TIM_CHANNEL_3
TIM1.IPParameters=Channel-PWM Generation3 CH3,Prescaler,PeriodNoDither
TIM1.PeriodNoDither=24-1
TIM1.Prescaler=15-1
USB_OTG_HS.IPParameters=VirtualMode,dma_enable,RefClockSelection
USB_OTG_HS.RefClockSelection=SYSCFG_OTG_HS_PHY_CLK_SELECT_4
USB_OTG_HS.VirtualMode=Device_HS
USB_OTG_HS.dma_enable=ENABLE
VP_FREERTOS_VS_CMSIS_V2.Mode=CMSIS_V2
VP_FREERTOS_VS_CMSIS_V2.Signal=FREERTOS_VS_CMSIS_V2
VP_GPDMA1_VS_GPDMACH2.Mode=LINKEDLIST_GPDMACH2
VP_GPDMA1_VS_GPDMACH2.Signal=GPDMA1_VS_GPDMACH2
VP_GPDMA1_VS_GPDMACH3.Mode=LINKEDLIST_GPDMACH3
VP_GPDMA1_VS_GPDMACH3.Signal=GPDMA1_VS_GPDMACH3
VP_GPDMA1_VS_GPDMACH4.Mode=SIMPLEREQUEST_GPDMACH4
VP_GPDMA1_VS_GPDMACH4.Signal=GPDMA1_VS_GPDMACH4
VP_HPDMA1_VS_HPDMACH0.Mode=LINKEDLIST_HPDMACH0
VP_HPDMA1_VS_HPDMACH0.Signal=HPDMA1_VS_HPDMACH0
VP_MEMORYMAP_VS_MEMORYMAP.Mode=CurAppReg
VP_MEMORYMAP_VS_MEMORYMAP.Signal=MEMORYMAP_VS_MEMORYMAP
VP_PWR_VS_USBReg.Mode=USBReg
VP_PWR_VS_USBReg.Signal=PWR_VS_USBReg
VP_RCC_USB.Mode=USB_HS
VP_RCC_USB.Signal=RCC_USB
VP_SYS_VS_tim6.Mode=TIM6
VP_SYS_VS_tim6.Signal=SYS_VS_tim6
VP_TIM1_VS_ClockSourceINT.Mode=Internal
VP_TIM1_VS_ClockSourceINT.Signal=TIM1_VS_ClockSourceINT
board=custom
rtos.0.ip=FREERTOS
